
Microsoft Visual Studio Solution File, Format Version 12.00
# Visual Studio 2013
VisualStudioVersion = 12.0.40629.0
MinimumVisualStudioVersion = 10.0.40219.1
Project("{F184B08F-C81C-45F6-A57F-5ABD9991F28F}") = "EDI-ERP", "EDI-ERP\EDI-ERP.vbproj", "{35492F9B-8D24-4409-9FD0-9B45073BD533}"
EndProject
Project("{2150E333-8FDC-42A3-9474-1A3956D46DE8}") = ".nuget", ".nuget", "{008ADBA2-C01C-4301-B86D-AA5FDFFD7B21}"
	ProjectSection(SolutionItems) = preProject
		.nuget\packages.config = .nuget\packages.config
	EndProjectSection
EndProject
Global
	GlobalSection(SolutionConfigurationPlatforms) = preSolution
		Debug|Any CPU = Debug|Any CPU
		Release|Any CPU = Release|Any CPU
	EndGlobalSection
	GlobalSection(ProjectConfigurationPlatforms) = postSolution
		{35492F9B-8D24-4409-9FD0-9B45073BD533}.Debug|Any CPU.ActiveCfg = Debug|Any CPU
		{35492F9B-8D24-4409-9FD0-9B45073BD533}.Debug|Any CPU.Build.0 = Debug|Any CPU
		{35492F9B-8D24-4409-9FD0-9B45073BD533}.Release|Any CPU.ActiveCfg = Release|Any CPU
		{35492F9B-8D24-4409-9FD0-9B45073BD533}.Release|Any CPU.Build.0 = Release|Any CPU
	EndGlobalSection
	GlobalSection(SolutionProperties) = preSolution
		HideSolutionNode = FALSE
	EndGlobalSection
EndGlobal
